
Microsoft Visual Studio Solution File, Format Version 12.00
# Visual Studio Version 17
VisualStudioVersion = 17.13.35825.156 d17.13
MinimumVisualStudioVersion = 10.0.40219.1
Project("{FAE04EC0-301F-11D3-BF4B-00C04F79EFBC}") = "ECommerce515", "ECommerce515\ECommerce515.csproj", "{0D5F422A-7353-4796-A301-EA422D006508}"
EndProject
Global
	GlobalSection(SolutionConfigurationPlatforms) = preSolution
		Debug|Any CPU = Debug|Any CPU
		Release|Any CPU = Release|Any CPU
	EndGlobalSection
	GlobalSection(ProjectConfigurationPlatforms) = postSolution
		{0D5F422A-7353-4796-A301-EA422D006508}.Debug|Any CPU.ActiveCfg = Debug|Any CPU
		{0D5F422A-7353-4796-A301-EA422D006508}.Debug|Any CPU.Build.0 = Debug|Any CPU
		{0D5F422A-7353-4796-A301-EA422D006508}.Release|Any CPU.ActiveCfg = Release|Any CPU
		{0D5F422A-7353-4796-A301-EA422D006508}.Release|Any CPU.Build.0 = Release|Any CPU
	EndGlobalSection
	GlobalSection(SolutionProperties) = preSolution
		HideSolutionNode = FALSE
	EndGlobalSection
	GlobalSection(ExtensibilityGlobals) = postSolution
		SolutionGuid = {D3C73FD6-80E7-45EB-8093-87A9233CFCBE}
	EndGlobalSection
EndGlobal
